Microsoft Visual Studio Solution File, Format Version 12.00
# Visual Studio Version 16
VisualStudioVersion = 16.0.0.0
MinimumVisualStudioVersion = 16.0.0.0
Project("{9A19103F-16F7-4668-BE54-9A1E7A4F7556}") = "BlazorTemplate.Server", "Server\BlazorTemplate.Server.csproj", "{0CEA57BF-76CB-486B-99B3-49C14D8EF16A}"
EndProject
Project("{9A19103F-16F7-4668-BE54-9A1E7A4F7556}") = "BlazorTemplate.Client", "Client\BlazorTemplate.Client.csproj", "{36F9AA33-0CDC-4B11-B7DA-CB422608F73F}"
EndProject
Project("{FAE04EC0-301F-11D3-BF4B-00C04F79EFBC}") = "BlazorTemplate.Common", "Common\BlazorTemplate.Common.csproj", "{EFB99001-BB47-4F1C-90AE-7F06BDCFF1D8}"
EndProject
Project("{FAE04EC0-301F-11D3-BF4B-00C04F79EFBC}") = "BlazorTemplate.Data", "Data\BlazorTemplate.Data.csproj", "{ABA806E4-0250-4C6E-AAD5-5507FF666BBB}"
EndProject
Project("{FAE04EC0-301F-11D3-BF4B-00C04F79EFBC}") = "BlazorTemplate.Service", "Service\BlazorTemplate.Service.csproj", "{70975CE1-0F8A-4B32-A0D2-6ECE3824CA76}"
EndProject
Global
	GlobalSection(SolutionConfigurationPlatforms) = preSolution
		Debug|Any CPU = Debug|Any CPU
		Debug|x64 = Debug|x64
		Debug|x86 = Debug|x86
		Release|Any CPU = Release|Any CPU
		Release|x64 = Release|x64
		Release|x86 = Release|x86
	EndGlobalSection
	GlobalSection(ProjectConfigurationPlatforms) = postSolution
		{36F9AA33-0CDC-4B11-B7DA-CB422608F73F}.Debug|Any CPU.ActiveCfg = Debug|Any CPU
		{36F9AA33-0CDC-4B11-B7DA-CB422608F73F}.Debug|Any CPU.Build.0 = Debug|Any CPU
		{36F9AA33-0CDC-4B11-B7DA-CB422608F73F}.Debug|x64.ActiveCfg = Debug|Any CPU
		{36F9AA33-0CDC-4B11-B7DA-CB422608F73F}.Debug|x64.Build.0 = Debug|Any CPU
		{36F9AA33-0CDC-4B11-B7DA-CB422608F73F}.Debug|x86.ActiveCfg = Debug|Any CPU
		{36F9AA33-0CDC-4B11-B7DA-CB422608F73F}.Debug|x86.Build.0 = Debug|Any CPU
		{36F9AA33-0CDC-4B11-B7DA-CB422608F73F}.Release|Any CPU.ActiveCfg = Release|Any CPU
		{36F9AA33-0CDC-4B11-B7DA-CB422608F73F}.Release|Any CPU.Build.0 = Release|Any CPU
		{36F9AA33-0CDC-4B11-B7DA-CB422608F73F}.Release|x64.ActiveCfg = Release|Any CPU
		{36F9AA33-0CDC-4B11-B7DA-CB422608F73F}.Release|x64.Build.0 = Release|Any CPU
		{36F9AA33-0CDC-4B11-B7DA-CB422608F73F}.Release|x86.ActiveCfg = Release|Any CPU
		{36F9AA33-0CDC-4B11-B7DA-CB422608F73F}.Release|x86.Build.0 = Release|Any CPU
		{0CEA57BF-76CB-486B-99B3-49C14D8EF16A}.Debug|Any CPU.ActiveCfg = Debug|Any CPU
		{0CEA57BF-76CB-486B-99B3-49C14D8EF16A}.Debug|Any CPU.Build.0 = Debug|Any CPU
		{0CEA57BF-76CB-486B-99B3-49C14D8EF16A}.Debug|x64.ActiveCfg = Debug|Any CPU
		{0CEA57BF-76CB-486B-99B3-49C14D8EF16A}.Debug|x64.Build.0 = Debug|Any CPU
		{0CEA57BF-76CB-486B-99B3-49C14D8EF16A}.Debug|x86.ActiveCfg = Debug|Any CPU
		{0CEA57BF-76CB-486B-99B3-49C14D8EF16A}.Debug|x86.Build.0 = Debug|Any CPU
		{0CEA57BF-76CB-486B-99B3-49C14D8EF16A}.Release|Any CPU.ActiveCfg = Release|Any CPU
		{0CEA57BF-76CB-486B-99B3-49C14D8EF16A}.Release|Any CPU.Build.0 = Release|Any CPU
		{0CEA57BF-76CB-486B-99B3-49C14D8EF16A}.Release|x64.ActiveCfg = Release|Any CPU
		{0CEA57BF-76CB-486B-99B3-49C14D8EF16A}.Release|x64.Build.0 = Release|Any CPU
		{0CEA57BF-76CB-486B-99B3-49C14D8EF16A}.Release|x86.ActiveCfg = Release|Any CPU
		{0CEA57BF-76CB-486B-99B3-49C14D8EF16A}.Release|x86.Build.0 = Release|Any CPU
		{EFB99001-BB47-4F1C-90AE-7F06BDCFF1D8}.Debug|Any CPU.ActiveCfg = Debug|Any CPU
		{EFB99001-BB47-4F1C-90AE-7F06BDCFF1D8}.Debug|Any CPU.Build.0 = Debug|Any CPU
		{EFB99001-BB47-4F1C-90AE-7F06BDCFF1D8}.Debug|x64.ActiveCfg = Debug|Any CPU
		{EFB99001-BB47-4F1C-90AE-7F06BDCFF1D8}.Debug|x64.Build.0 = Debug|Any CPU
		{EFB99001-BB47-4F1C-90AE-7F06BDCFF1D8}.Debug|x86.ActiveCfg = Debug|Any CPU
		{EFB99001-BB47-4F1C-90AE-7F06BDCFF1D8}.Debug|x86.Build.0 = Debug|Any CPU
		{EFB99001-BB47-4F1C-90AE-7F06BDCFF1D8}.Release|Any CPU.ActiveCfg = Release|Any CPU
		{EFB99001-BB47-4F1C-90AE-7F06BDCFF1D8}.Release|Any CPU.Build.0 = Release|Any CPU
		{EFB99001-BB47-4F1C-90AE-7F06BDCFF1D8}.Release|x64.ActiveCfg = Release|Any CPU
		{EFB99001-BB47-4F1C-90AE-7F06BDCFF1D8}.Release|x64.Build.0 = Release|Any CPU
		{EFB99001-BB47-4F1C-90AE-7F06BDCFF1D8}.Release|x86.ActiveCfg = Release|Any CPU
		{EFB99001-BB47-4F1C-90AE-7F06BDCFF1D8}.Release|x86.Build.0 = Release|Any CPU
		{ABA806E4-0250-4C6E-AAD5-5507FF666BBB}.Debug|Any CPU.ActiveCfg = Debug|Any CPU
		{ABA806E4-0250-4C6E-AAD5-5507FF666BBB}.Debug|Any CPU.Build.0 = Debug|Any CPU
		{ABA806E4-0250-4C6E-AAD5-5507FF666BBB}.Debug|x64.ActiveCfg = Debug|Any CPU
		{ABA806E4-0250-4C6E-AAD5-5507FF666BBB}.Debug|x64.Build.0 = Debug|Any CPU
		{ABA806E4-0250-4C6E-AAD5-5507FF666BBB}.Debug|x86.ActiveCfg = Debug|Any CPU
		{ABA806E4-0250-4C6E-AAD5-5507FF666BBB}.Debug|x86.Build.0 = Debug|Any CPU
		{ABA806E4-0250-4C6E-AAD5-5507FF666BBB}.Release|Any CPU.ActiveCfg = Release|Any CPU
		{ABA806E4-0250-4C6E-AAD5-5507FF666BBB}.Release|Any CPU.Build.0 = Release|Any CPU
		{ABA806E4-0250-4C6E-AAD5-5507FF666BBB}.Release|x64.ActiveCfg = Release|Any CPU
		{ABA806E4-0250-4C6E-AAD5-5507FF666BBB}.Release|x64.Build.0 = Release|Any CPU
		{ABA806E4-0250-4C6E-AAD5-5507FF666BBB}.Release|x86.ActiveCfg = Release|Any CPU
		{ABA806E4-0250-4C6E-AAD5-5507FF666BBB}.Release|x86.Build.0 = Release|Any CPU
		{70975CE1-0F8A-4B32-A0D2-6ECE3824CA76}.Debug|Any CPU.ActiveCfg = Debug|Any CPU
		{70975CE1-0F8A-4B32-A0D2-6ECE3824CA76}.Debug|Any CPU.Build.0 = Debug|Any CPU
		{70975CE1-0F8A-4B32-A0D2-6ECE3824CA76}.Debug|x64.ActiveCfg = Debug|Any CPU
		{70975CE1-0F8A-4B32-A0D2-6ECE3824CA76}.Debug|x64.Build.0 = Debug|Any CPU
		{70975CE1-0F8A-4B32-A0D2-6ECE3824CA76}.Debug|x86.ActiveCfg = Debug|Any CPU
		{70975CE1-0F8A-4B32-A0D2-6ECE3824CA76}.Debug|x86.Build.0 = Debug|Any CPU
		{70975CE1-0F8A-4B32-A0D2-6ECE3824CA76}.Release|Any CPU.ActiveCfg = Release|Any CPU
		{70975CE1-0F8A-4B32-A0D2-6ECE3824CA76}.Release|Any CPU.Build.0 = Release|Any CPU
		{70975CE1-0F8A-4B32-A0D2-6ECE3824CA76}.Release|x64.ActiveCfg = Release|Any CPU
		{70975CE1-0F8A-4B32-A0D2-6ECE3824CA76}.Release|x64.Build.0 = Release|Any CPU
		{70975CE1-0F8A-4B32-A0D2-6ECE3824CA76}.Release|x86.ActiveCfg = Release|Any CPU
		{70975CE1-0F8A-4B32-A0D2-6ECE3824CA76}.Release|x86.Build.0 = Release|Any CPU
	EndGlobalSection
	GlobalSection(SolutionProperties) = preSolution
		HideSolutionNode = FALSE
	EndGlobalSection
	GlobalSection(ExtensibilityGlobals) = postSolution
		SolutionGuid = {59E5C4B0-A930-48DA-BEA0-654119D884C3}
	EndGlobalSection
EndGlobal
